
Microsoft Visual Studio Solution File, Format Version 12.00
# Visual Studio 15
VisualStudioVersion = 15.0.28307.1145
MinimumVisualStudioVersion = 10.0.40219.1
Project("{FAE04EC0-301F-11D3-BF4B-00C04F79EFBC}") = "WEB_QLDUAN", "WEB_QLDUAN\WEB_QLDUAN.csproj", "{6FFA56C2-0634-47B0-81B5-247095849455}"
EndProject
Global
	GlobalSection(SolutionConfigurationPlatforms) = preSolution
		Debug|Any CPU = Debug|Any CPU
		Release|Any CPU = Release|Any CPU
	EndGlobalSection
	GlobalSection(ProjectConfigurationPlatforms) = postSolution
		{6FFA56C2-0634-47B0-81B5-247095849455}.Debug|Any CPU.ActiveCfg = Debug|Any CPU
		{6FFA56C2-0634-47B0-81B5-247095849455}.Debug|Any CPU.Build.0 = Debug|Any CPU
		{6FFA56C2-0634-47B0-81B5-247095849455}.Release|Any CPU.ActiveCfg = Release|Any CPU
		{6FFA56C2-0634-47B0-81B5-247095849455}.Release|Any CPU.Build.0 = Release|Any CPU
	EndGlobalSection
	GlobalSection(SolutionProperties) = preSolution
		HideSolutionNode = FALSE
	EndGlobalSection
	GlobalSection(ExtensibilityGlobals) = postSolution
		SolutionGuid = {3B044865-DF7F-4451-AE4E-FC5A593277EF}
	EndGlobalSection
EndGlobal
